
Microsoft Visual Studio Solution File, Format Version 12.00
# Visual Studio 2012
Project("{FAE04EC0-301F-11D3-BF4B-00C04F79EFBC}") = "ByteGuard", "ByteGuard\ByteGuard.csproj", "{34729AA6-4E2E-4C72-8DD1-7085A1FB46D5}"
EndProject
Project("{FAE04EC0-301F-11D3-BF4B-00C04F79EFBC}") = "ByteGuard.Tests", "ByteGuard.Tests\ByteGuard.Tests.csproj", "{6E5177E5-C7BC-4B49-B335-A07E2D0434DE}"
EndProject
Project("{FAE04EC0-301F-11D3-BF4B-00C04F79EFBC}") = "dnlib", "C:\Users\Matthew\dnlib\src\dnlib.csproj", "{FDFC1237-143F-4919-8318-4926901F4639}"
EndProject
Project("{FAE04EC0-301F-11D3-BF4B-00C04F79EFBC}") = "ByteGuard.Engine", "ByteGuard.Engine\ByteGuard.Engine.csproj", "{92B4A37B-0000-4914-8C82-DA6867023111}"
EndProject
Project("{FAE04EC0-301F-11D3-BF4B-00C04F79EFBC}") = "ByteGuard.Protections", "ByteGuard.Protections\ByteGuard.Protections.csproj", "{E50723D6-4A14-4C72-9EB6-D3557CFDD921}"
EndProject
Project("{FAE04EC0-301F-11D3-BF4B-00C04F79EFBC}") = "ByteGuard.Pipes", "ByteGuard.Pipes\ByteGuard.Pipes.csproj", "{029EC3CA-B61F-4D2C-8FF8-0BD6DD0C76C1}"
EndProject
Project("{FAE04EC0-301F-11D3-BF4B-00C04F79EFBC}") = "ByteGuard.Helper", "ByteGuard.Helper\ByteGuard.Helper.csproj", "{16507947-E648-43E6-9611-C23F0D1D9A29}"
EndProject
Project("{FAE04EC0-301F-11D3-BF4B-00C04F79EFBC}") = "MergeTest", "MergeTest\MergeTest.csproj", "{30EDE232-F52A-4A21-937D-757F9D770003}"
EndProject
Project("{FAE04EC0-301F-11D3-BF4B-00C04F79EFBC}") = "ByteGuard.Login", "ByteGuard.Login\ByteGuard.Login.csproj", "{E0EC3C71-586E-4BDB-AF1A-20326273ABBA}"
EndProject
Project("{FAE04EC0-301F-11D3-BF4B-00C04F79EFBC}") = "ICSharpCode.SharpZLib", "C:\Users\Matthew\SharpZipLib\src\ICSharpCode.SharpZLib.csproj", "{0E7413FF-EB9E-4714-ACF2-BE3A6A7B2FFD}"
EndProject
Project("{FAE04EC0-301F-11D3-BF4B-00C04F79EFBC}") = "ByteGuard.Updater", "ByteGuard.Updater\ByteGuard.Updater.csproj", "{4904C023-E8DE-400A-92A4-15F7366E8DA7}"
EndProject
Project("{FAE04EC0-301F-11D3-BF4B-00C04F79EFBC}") = "SJITHook", "C:\Users\Matthew\SJITHook\SJITHook\SJITHook.csproj", "{ECA2D8F0-DF33-4723-84CB-F4D8CD03A321}"
EndProject
Project("{FAE04EC0-301F-11D3-BF4B-00C04F79EFBC}") = "ByteGuard.Hook", "ByteGuard.Hook\ByteGuard.Hook.csproj", "{1F8C8BB9-0096-4071-B459-BC4CDBC896D2}"
EndProject
Project("{FAE04EC0-301F-11D3-BF4B-00C04F79EFBC}") = "Blank", "Blank\Blank.csproj", "{605553C1-E48E-42E7-B777-5A90247444AE}"
EndProject
Project("{FAE04EC0-301F-11D3-BF4B-00C04F79EFBC}") = "ByteGuard.PEReader", "ByteGuard.PEReader\ByteGuard.PEReader.csproj", "{AF159491-58F6-4953-87F2-DFE6664C2563}"
EndProject
Global
	GlobalSection(SolutionConfigurationPlatforms) = preSolution
		Debug_Linux|Any CPU = Debug_Linux|Any CPU
		Debug_Linux|x86 = Debug_Linux|x86
		Debug_NET2|Any CPU = Debug_NET2|Any CPU
		Debug_NET2|x86 = Debug_NET2|x86
		Debug|Any CPU = Debug|Any CPU
		Debug|x86 = Debug|x86
		Release_Linux|Any CPU = Release_Linux|Any CPU
		Release_Linux|x86 = Release_Linux|x86
		Release_NET2|Any CPU = Release_NET2|Any CPU
		Release_NET2|x86 = Release_NET2|x86
		Release|Any CPU = Release|Any CPU
		Release|x86 = Release|x86
	EndGlobalSection
	GlobalSection(ProjectConfigurationPlatforms) = postSolution
		{34729AA6-4E2E-4C72-8DD1-7085A1FB46D5}.Debug_Linux|Any CPU.ActiveCfg = Debug|Any CPU
		{34729AA6-4E2E-4C72-8DD1-7085A1FB46D5}.Debug_Linux|Any CPU.Build.0 = Debug|Any CPU
		{34729AA6-4E2E-4C72-8DD1-7085A1FB46D5}.Debug_Linux|x86.ActiveCfg = Debug|Any CPU
		{34729AA6-4E2E-4C72-8DD1-7085A1FB46D5}.Debug_NET2|Any CPU.ActiveCfg = Debug|Any CPU
		{34729AA6-4E2E-4C72-8DD1-7085A1FB46D5}.Debug_NET2|Any CPU.Build.0 = Debug|Any CPU
		{34729AA6-4E2E-4C72-8DD1-7085A1FB46D5}.Debug_NET2|x86.ActiveCfg = Debug|Any CPU
		{34729AA6-4E2E-4C72-8DD1-7085A1FB46D5}.Debug|Any CPU.ActiveCfg = Debug|Any CPU
		{34729AA6-4E2E-4C72-8DD1-7085A1FB46D5}.Debug|Any CPU.Build.0 = Debug|Any CPU
		{34729AA6-4E2E-4C72-8DD1-7085A1FB46D5}.Debug|x86.ActiveCfg = Debug|Any CPU
		{34729AA6-4E2E-4C72-8DD1-7085A1FB46D5}.Release_Linux|Any CPU.ActiveCfg = Release|Any CPU
		{34729AA6-4E2E-4C72-8DD1-7085A1FB46D5}.Release_Linux|Any CPU.Build.0 = Release|Any CPU
		{34729AA6-4E2E-4C72-8DD1-7085A1FB46D5}.Release_Linux|x86.ActiveCfg = Release|Any CPU
		{34729AA6-4E2E-4C72-8DD1-7085A1FB46D5}.Release_NET2|Any CPU.ActiveCfg = Release|Any CPU
		{34729AA6-4E2E-4C72-8DD1-7085A1FB46D5}.Release_NET2|Any CPU.Build.0 = Release|Any CPU
		{34729AA6-4E2E-4C72-8DD1-7085A1FB46D5}.Release_NET2|x86.ActiveCfg = Release|Any CPU
		{34729AA6-4E2E-4C72-8DD1-7085A1FB46D5}.Release|Any CPU.ActiveCfg = Release|Any CPU
		{34729AA6-4E2E-4C72-8DD1-7085A1FB46D5}.Release|Any CPU.Build.0 = Release|Any CPU
		{34729AA6-4E2E-4C72-8DD1-7085A1FB46D5}.Release|x86.ActiveCfg = Release|Any CPU
		{6E5177E5-C7BC-4B49-B335-A07E2D0434DE}.Debug_Linux|Any CPU.ActiveCfg = Debug|Any CPU
		{6E5177E5-C7BC-4B49-B335-A07E2D0434DE}.Debug_Linux|Any CPU.Build.0 = Debug|Any CPU
		{6E5177E5-C7BC-4B49-B335-A07E2D0434DE}.Debug_Linux|x86.ActiveCfg = Debug|Any CPU
		{6E5177E5-C7BC-4B49-B335-A07E2D0434DE}.Debug_NET2|Any CPU.ActiveCfg = Debug|Any CPU
		{6E5177E5-C7BC-4B49-B335-A07E2D0434DE}.Debug_NET2|Any CPU.Build.0 = Debug|Any CPU
		{6E5177E5-C7BC-4B49-B335-A07E2D0434DE}.Debug_NET2|x86.ActiveCfg = Debug|Any CPU
		{6E5177E5-C7BC-4B49-B335-A07E2D0434DE}.Debug|Any CPU.ActiveCfg = Debug|Any CPU
		{6E5177E5-C7BC-4B49-B335-A07E2D0434DE}.Debug|Any CPU.Build.0 = Debug|Any CPU
		{6E5177E5-C7BC-4B49-B335-A07E2D0434DE}.Debug|x86.ActiveCfg = Debug|Any CPU
		{6E5177E5-C7BC-4B49-B335-A07E2D0434DE}.Release_Linux|Any CPU.ActiveCfg = Release|Any CPU
		{6E5177E5-C7BC-4B49-B335-A07E2D0434DE}.Release_Linux|Any CPU.Build.0 = Release|Any CPU
		{6E5177E5-C7BC-4B49-B335-A07E2D0434DE}.Release_Linux|x86.ActiveCfg = Release|Any CPU
		{6E5177E5-C7BC-4B49-B335-A07E2D0434DE}.Release_NET2|Any CPU.ActiveCfg = Release|Any CPU
		{6E5177E5-C7BC-4B49-B335-A07E2D0434DE}.Release_NET2|Any CPU.Build.0 = Release|Any CPU
		{6E5177E5-C7BC-4B49-B335-A07E2D0434DE}.Release_NET2|x86.ActiveCfg = Release|Any CPU
		{6E5177E5-C7BC-4B49-B335-A07E2D0434DE}.Release|Any CPU.ActiveCfg = Release|Any CPU
		{6E5177E5-C7BC-4B49-B335-A07E2D0434DE}.Release|Any CPU.Build.0 = Release|Any CPU
		{6E5177E5-C7BC-4B49-B335-A07E2D0434DE}.Release|x86.ActiveCfg = Release|Any CPU
		{FDFC1237-143F-4919-8318-4926901F4639}.Debug_Linux|Any CPU.ActiveCfg = Debug|Any CPU
		{FDFC1237-143F-4919-8318-4926901F4639}.Debug_Linux|Any CPU.Build.0 = Debug|Any CPU
		{FDFC1237-143F-4919-8318-4926901F4639}.Debug_Linux|x86.ActiveCfg = Debug|Any CPU
		{FDFC1237-143F-4919-8318-4926901F4639}.Debug_NET2|Any CPU.ActiveCfg = Debug|Any CPU
		{FDFC1237-143F-4919-8318-4926901F4639}.Debug_NET2|Any CPU.Build.0 = Debug|Any CPU
		{FDFC1237-143F-4919-8318-4926901F4639}.Debug_NET2|x86.ActiveCfg = Debug|Any CPU
		{FDFC1237-143F-4919-8318-4926901F4639}.Debug|Any CPU.ActiveCfg = Debug|Any CPU
		{FDFC1237-143F-4919-8318-4926901F4639}.Debug|Any CPU.Build.0 = Debug|Any CPU
		{FDFC1237-143F-4919-8318-4926901F4639}.Debug|x86.ActiveCfg = Debug|Any CPU
		{FDFC1237-143F-4919-8318-4926901F4639}.Release_Linux|Any CPU.ActiveCfg = Release|Any CPU
		{FDFC1237-143F-4919-8318-4926901F4639}.Release_Linux|Any CPU.Build.0 = Release|Any CPU
		{FDFC1237-143F-4919-8318-4926901F4639}.Release_Linux|x86.ActiveCfg = Release|Any CPU
		{FDFC1237-143F-4919-8318-4926901F4639}.Release_NET2|Any CPU.ActiveCfg = Release|Any CPU
		{FDFC1237-143F-4919-8318-4926901F4639}.Release_NET2|Any CPU.Build.0 = Release|Any CPU
		{FDFC1237-143F-4919-8318-4926901F4639}.Release_NET2|x86.ActiveCfg = Release|Any CPU
		{FDFC1237-143F-4919-8318-4926901F4639}.Release|Any CPU.ActiveCfg = Release|Any CPU
		{FDFC1237-143F-4919-8318-4926901F4639}.Release|Any CPU.Build.0 = Release|Any CPU
		{FDFC1237-143F-4919-8318-4926901F4639}.Release|x86.ActiveCfg = Release|Any CPU
		{92B4A37B-0000-4914-8C82-DA6867023111}.Debug_Linux|Any CPU.ActiveCfg = Debug|Any CPU
		{92B4A37B-0000-4914-8C82-DA6867023111}.Debug_Linux|Any CPU.Build.0 = Debug|Any CPU
		{92B4A37B-0000-4914-8C82-DA6867023111}.Debug_Linux|x86.ActiveCfg = Debug|Any CPU
		{92B4A37B-0000-4914-8C82-DA6867023111}.Debug_NET2|Any CPU.ActiveCfg = Debug|Any CPU
		{92B4A37B-0000-4914-8C82-DA6867023111}.Debug_NET2|Any CPU.Build.0 = Debug|Any CPU
		{92B4A37B-0000-4914-8C82-DA6867023111}.Debug_NET2|x86.ActiveCfg = Debug|Any CPU
		{92B4A37B-0000-4914-8C82-DA6867023111}.Debug|Any CPU.ActiveCfg = Debug|Any CPU
		{92B4A37B-0000-4914-8C82-DA6867023111}.Debug|Any CPU.Build.0 = Debug|Any CPU
		{92B4A37B-0000-4914-8C82-DA6867023111}.Debug|x86.ActiveCfg = Debug|Any CPU
		{92B4A37B-0000-4914-8C82-DA6867023111}.Release_Linux|Any CPU.ActiveCfg = Release|Any CPU
		{92B4A37B-0000-4914-8C82-DA6867023111}.Release_Linux|Any CPU.Build.0 = Release|Any CPU
		{92B4A37B-0000-4914-8C82-DA6867023111}.Release_Linux|x86.ActiveCfg = Release|Any CPU
		{92B4A37B-0000-4914-8C82-DA6867023111}.Release_NET2|Any CPU.ActiveCfg = Release|Any CPU
		{92B4A37B-0000-4914-8C82-DA6867023111}.Release_NET2|Any CPU.Build.0 = Release|Any CPU
		{92B4A37B-0000-4914-8C82-DA6867023111}.Release_NET2|x86.ActiveCfg = Release|Any CPU
		{92B4A37B-0000-4914-8C82-DA6867023111}.Release|Any CPU.ActiveCfg = Release|Any CPU
		{92B4A37B-0000-4914-8C82-DA6867023111}.Release|Any CPU.Build.0 = Release|Any CPU
		{92B4A37B-0000-4914-8C82-DA6867023111}.Release|x86.ActiveCfg = Release|Any CPU
		{E50723D6-4A14-4C72-9EB6-D3557CFDD921}.Debug_Linux|Any CPU.ActiveCfg = Debug|Any CPU
		{E50723D6-4A14-4C72-9EB6-D3557CFDD921}.Debug_Linux|Any CPU.Build.0 = Debug|Any CPU
		{E50723D6-4A14-4C72-9EB6-D3557CFDD921}.Debug_Linux|x86.ActiveCfg = Debug|Any CPU
		{E50723D6-4A14-4C72-9EB6-D3557CFDD921}.Debug_NET2|Any CPU.ActiveCfg = Debug|Any CPU
		{E50723D6-4A14-4C72-9EB6-D3557CFDD921}.Debug_NET2|Any CPU.Build.0 = Debug|Any CPU
		{E50723D6-4A14-4C72-9EB6-D3557CFDD921}.Debug_NET2|x86.ActiveCfg = Debug|Any CPU
		{E50723D6-4A14-4C72-9EB6-D3557CFDD921}.Debug|Any CPU.ActiveCfg = Debug|Any CPU
		{E50723D6-4A14-4C72-9EB6-D3557CFDD921}.Debug|Any CPU.Build.0 = Debug|Any CPU
		{E50723D6-4A14-4C72-9EB6-D3557CFDD921}.Debug|x86.ActiveCfg = Debug|Any CPU
		{E50723D6-4A14-4C72-9EB6-D3557CFDD921}.Release_Linux|Any CPU.ActiveCfg = Release|Any CPU
		{E50723D6-4A14-4C72-9EB6-D3557CFDD921}.Release_Linux|Any CPU.Build.0 = Release|Any CPU
		{E50723D6-4A14-4C72-9EB6-D3557CFDD921}.Release_Linux|x86.ActiveCfg = Release|Any CPU
		{E50723D6-4A14-4C72-9EB6-D3557CFDD921}.Release_NET2|Any CPU.ActiveCfg = Release|Any CPU
		{E50723D6-4A14-4C72-9EB6-D3557CFDD921}.Release_NET2|Any CPU.Build.0 = Release|Any CPU
		{E50723D6-4A14-4C72-9EB6-D3557CFDD921}.Release_NET2|x86.ActiveCfg = Release|Any CPU
		{E50723D6-4A14-4C72-9EB6-D3557CFDD921}.Release|Any CPU.ActiveCfg = Release|Any CPU
		{E50723D6-4A14-4C72-9EB6-D3557CFDD921}.Release|Any CPU.Build.0 = Release|Any CPU
		{E50723D6-4A14-4C72-9EB6-D3557CFDD921}.Release|x86.ActiveCfg = Release|Any CPU
		{029EC3CA-B61F-4D2C-8FF8-0BD6DD0C76C1}.Debug_Linux|Any CPU.ActiveCfg = Debug|Any CPU
		{029EC3CA-B61F-4D2C-8FF8-0BD6DD0C76C1}.Debug_Linux|Any CPU.Build.0 = Debug|Any CPU
		{029EC3CA-B61F-4D2C-8FF8-0BD6DD0C76C1}.Debug_Linux|x86.ActiveCfg = Debug|Any CPU
		{029EC3CA-B61F-4D2C-8FF8-0BD6DD0C76C1}.Debug_NET2|Any CPU.ActiveCfg = Debug|Any CPU
		{029EC3CA-B61F-4D2C-8FF8-0BD6DD0C76C1}.Debug_NET2|Any CPU.Build.0 = Debug|Any CPU
		{029EC3CA-B61F-4D2C-8FF8-0BD6DD0C76C1}.Debug_NET2|x86.ActiveCfg = Debug|Any CPU
		{029EC3CA-B61F-4D2C-8FF8-0BD6DD0C76C1}.Debug|Any CPU.ActiveCfg = Debug|Any CPU
		{029EC3CA-B61F-4D2C-8FF8-0BD6DD0C76C1}.Debug|Any CPU.Build.0 = Debug|Any CPU
		{029EC3CA-B61F-4D2C-8FF8-0BD6DD0C76C1}.Debug|x86.ActiveCfg = Debug|Any CPU
		{029EC3CA-B61F-4D2C-8FF8-0BD6DD0C76C1}.Release_Linux|Any CPU.ActiveCfg = Release|Any CPU
		{029EC3CA-B61F-4D2C-8FF8-0BD6DD0C76C1}.Release_Linux|Any CPU.Build.0 = Release|Any CPU
		{029EC3CA-B61F-4D2C-8FF8-0BD6DD0C76C1}.Release_Linux|x86.ActiveCfg = Release|Any CPU
		{029EC3CA-B61F-4D2C-8FF8-0BD6DD0C76C1}.Release_NET2|Any CPU.ActiveCfg = Release|Any CPU
		{029EC3CA-B61F-4D2C-8FF8-0BD6DD0C76C1}.Release_NET2|Any CPU.Build.0 = Release|Any CPU
		{029EC3CA-B61F-4D2C-8FF8-0BD6DD0C76C1}.Release_NET2|x86.ActiveCfg = Release|Any CPU
		{029EC3CA-B61F-4D2C-8FF8-0BD6DD0C76C1}.Release|Any CPU.ActiveCfg = Release|Any CPU
		{029EC3CA-B61F-4D2C-8FF8-0BD6DD0C76C1}.Release|Any CPU.Build.0 = Release|Any CPU
		{029EC3CA-B61F-4D2C-8FF8-0BD6DD0C76C1}.Release|x86.ActiveCfg = Release|Any CPU
		{16507947-E648-43E6-9611-C23F0D1D9A29}.Debug_Linux|Any CPU.ActiveCfg = Debug|Any CPU
		{16507947-E648-43E6-9611-C23F0D1D9A29}.Debug_Linux|Any CPU.Build.0 = Debug|Any CPU
		{16507947-E648-43E6-9611-C23F0D1D9A29}.Debug_Linux|x86.ActiveCfg = Debug|Any CPU
		{16507947-E648-43E6-9611-C23F0D1D9A29}.Debug_NET2|Any CPU.ActiveCfg = Debug|Any CPU
		{16507947-E648-43E6-9611-C23F0D1D9A29}.Debug_NET2|Any CPU.Build.0 = Debug|Any CPU
		{16507947-E648-43E6-9611-C23F0D1D9A29}.Debug_NET2|x86.ActiveCfg = Debug|Any CPU
		{16507947-E648-43E6-9611-C23F0D1D9A29}.Debug|Any CPU.ActiveCfg = Debug|Any CPU
		{16507947-E648-43E6-9611-C23F0D1D9A29}.Debug|Any CPU.Build.0 = Debug|Any CPU
		{16507947-E648-43E6-9611-C23F0D1D9A29}.Debug|x86.ActiveCfg = Debug|Any CPU
		{16507947-E648-43E6-9611-C23F0D1D9A29}.Release_Linux|Any CPU.ActiveCfg = Release|Any CPU
		{16507947-E648-43E6-9611-C23F0D1D9A29}.Release_Linux|Any CPU.Build.0 = Release|Any CPU
		{16507947-E648-43E6-9611-C23F0D1D9A29}.Release_Linux|x86.ActiveCfg = Release|Any CPU
		{16507947-E648-43E6-9611-C23F0D1D9A29}.Release_NET2|Any CPU.ActiveCfg = Release|Any CPU
		{16507947-E648-43E6-9611-C23F0D1D9A29}.Release_NET2|Any CPU.Build.0 = Release|Any CPU
		{16507947-E648-43E6-9611-C23F0D1D9A29}.Release_NET2|x86.ActiveCfg = Release|Any CPU
		{16507947-E648-43E6-9611-C23F0D1D9A29}.Release|Any CPU.ActiveCfg = Release|Any CPU
		{16507947-E648-43E6-9611-C23F0D1D9A29}.Release|Any CPU.Build.0 = Release|Any CPU
		{16507947-E648-43E6-9611-C23F0D1D9A29}.Release|x86.ActiveCfg = Release|Any CPU
		{30EDE232-F52A-4A21-937D-757F9D770003}.Debug_Linux|Any CPU.ActiveCfg = Debug|Any CPU
		{30EDE232-F52A-4A21-937D-757F9D770003}.Debug_Linux|Any CPU.Build.0 = Debug|Any CPU
		{30EDE232-F52A-4A21-937D-757F9D770003}.Debug_Linux|x86.ActiveCfg = Debug|Any CPU
		{30EDE232-F52A-4A21-937D-757F9D770003}.Debug_NET2|Any CPU.ActiveCfg = Debug|Any CPU
		{30EDE232-F52A-4A21-937D-757F9D770003}.Debug_NET2|Any CPU.Build.0 = Debug|Any CPU
		{30EDE232-F52A-4A21-937D-757F9D770003}.Debug_NET2|x86.ActiveCfg = Debug|Any CPU
		{30EDE232-F52A-4A21-937D-757F9D770003}.Debug|Any CPU.ActiveCfg = Debug|Any CPU
		{30EDE232-F52A-4A21-937D-757F9D770003}.Debug|Any CPU.Build.0 = Debug|Any CPU
		{30EDE232-F52A-4A21-937D-757F9D770003}.Debug|x86.ActiveCfg = Debug|Any CPU
		{30EDE232-F52A-4A21-937D-757F9D770003}.Release_Linux|Any CPU.ActiveCfg = Release|Any CPU
		{30EDE232-F52A-4A21-937D-757F9D770003}.Release_Linux|Any CPU.Build.0 = Release|Any CPU
		{30EDE232-F52A-4A21-937D-757F9D770003}.Release_Linux|x86.ActiveCfg = Release|Any CPU
		{30EDE232-F52A-4A21-937D-757F9D770003}.Release_NET2|Any CPU.ActiveCfg = Release|Any CPU
		{30EDE232-F52A-4A21-937D-757F9D770003}.Release_NET2|Any CPU.Build.0 = Release|Any CPU
		{30EDE232-F52A-4A21-937D-757F9D770003}.Release_NET2|x86.ActiveCfg = Release|Any CPU
		{30EDE232-F52A-4A21-937D-757F9D770003}.Release|Any CPU.ActiveCfg = Release|Any CPU
		{30EDE232-F52A-4A21-937D-757F9D770003}.Release|Any CPU.Build.0 = Release|Any CPU
		{30EDE232-F52A-4A21-937D-757F9D770003}.Release|x86.ActiveCfg = Release|Any CPU
		{E0EC3C71-586E-4BDB-AF1A-20326273ABBA}.Debug_Linux|Any CPU.ActiveCfg = Debug|Any CPU
		{E0EC3C71-586E-4BDB-AF1A-20326273ABBA}.Debug_Linux|Any CPU.Build.0 = Debug|Any CPU
		{E0EC3C71-586E-4BDB-AF1A-20326273ABBA}.Debug_Linux|x86.ActiveCfg = Debug|Any CPU
		{E0EC3C71-586E-4BDB-AF1A-20326273ABBA}.Debug_NET2|Any CPU.ActiveCfg = Debug|Any CPU
		{E0EC3C71-586E-4BDB-AF1A-20326273ABBA}.Debug_NET2|Any CPU.Build.0 = Debug|Any CPU
		{E0EC3C71-586E-4BDB-AF1A-20326273ABBA}.Debug_NET2|x86.ActiveCfg = Debug|Any CPU
		{E0EC3C71-586E-4BDB-AF1A-20326273ABBA}.Debug|Any CPU.ActiveCfg = Debug|Any CPU
		{E0EC3C71-586E-4BDB-AF1A-20326273ABBA}.Debug|Any CPU.Build.0 = Debug|Any CPU
		{E0EC3C71-586E-4BDB-AF1A-20326273ABBA}.Debug|x86.ActiveCfg = Debug|Any CPU
		{E0EC3C71-586E-4BDB-AF1A-20326273ABBA}.Release_Linux|Any CPU.ActiveCfg = Release|Any CPU
		{E0EC3C71-586E-4BDB-AF1A-20326273ABBA}.Release_Linux|Any CPU.Build.0 = Release|Any CPU
		{E0EC3C71-586E-4BDB-AF1A-20326273ABBA}.Release_Linux|x86.ActiveCfg = Release|Any CPU
		{E0EC3C71-586E-4BDB-AF1A-20326273ABBA}.Release_NET2|Any CPU.ActiveCfg = Release|Any CPU
		{E0EC3C71-586E-4BDB-AF1A-20326273ABBA}.Release_NET2|Any CPU.Build.0 = Release|Any CPU
		{E0EC3C71-586E-4BDB-AF1A-20326273ABBA}.Release_NET2|x86.ActiveCfg = Release|Any CPU
		{E0EC3C71-586E-4BDB-AF1A-20326273ABBA}.Release|Any CPU.ActiveCfg = Release|Any CPU
		{E0EC3C71-586E-4BDB-AF1A-20326273ABBA}.Release|Any CPU.Build.0 = Release|Any CPU
		{E0EC3C71-586E-4BDB-AF1A-20326273ABBA}.Release|x86.ActiveCfg = Release|Any CPU
		{0E7413FF-EB9E-4714-ACF2-BE3A6A7B2FFD}.Debug_Linux|Any CPU.ActiveCfg = Debug|Any CPU
		{0E7413FF-EB9E-4714-ACF2-BE3A6A7B2FFD}.Debug_Linux|Any CPU.Build.0 = Debug|Any CPU
		{0E7413FF-EB9E-4714-ACF2-BE3A6A7B2FFD}.Debug_Linux|x86.ActiveCfg = Debug|Any CPU
		{0E7413FF-EB9E-4714-ACF2-BE3A6A7B2FFD}.Debug_NET2|Any CPU.ActiveCfg = Debug|Any CPU
		{0E7413FF-EB9E-4714-ACF2-BE3A6A7B2FFD}.Debug_NET2|Any CPU.Build.0 = Debug|Any CPU
		{0E7413FF-EB9E-4714-ACF2-BE3A6A7B2FFD}.Debug_NET2|x86.ActiveCfg = Debug|Any CPU
		{0E7413FF-EB9E-4714-ACF2-BE3A6A7B2FFD}.Debug|Any CPU.ActiveCfg = Debug|Any CPU
		{0E7413FF-EB9E-4714-ACF2-BE3A6A7B2FFD}.Debug|Any CPU.Build.0 = Debug|Any CPU
		{0E7413FF-EB9E-4714-ACF2-BE3A6A7B2FFD}.Debug|x86.ActiveCfg = Debug|Any CPU
		{0E7413FF-EB9E-4714-ACF2-BE3A6A7B2FFD}.Release_Linux|Any CPU.ActiveCfg = Release|Any CPU
		{0E7413FF-EB9E-4714-ACF2-BE3A6A7B2FFD}.Release_Linux|Any CPU.Build.0 = Release|Any CPU
		{0E7413FF-EB9E-4714-ACF2-BE3A6A7B2FFD}.Release_Linux|x86.ActiveCfg = Release|Any CPU
		{0E7413FF-EB9E-4714-ACF2-BE3A6A7B2FFD}.Release_NET2|Any CPU.ActiveCfg = Release|Any CPU
		{0E7413FF-EB9E-4714-ACF2-BE3A6A7B2FFD}.Release_NET2|Any CPU.Build.0 = Release|Any CPU
		{0E7413FF-EB9E-4714-ACF2-BE3A6A7B2FFD}.Release_NET2|x86.ActiveCfg = Release|Any CPU
		{0E7413FF-EB9E-4714-ACF2-BE3A6A7B2FFD}.Release|Any CPU.ActiveCfg = Release|Any CPU
		{0E7413FF-EB9E-4714-ACF2-BE3A6A7B2FFD}.Release|Any CPU.Build.0 = Release|Any CPU
		{0E7413FF-EB9E-4714-ACF2-BE3A6A7B2FFD}.Release|x86.ActiveCfg = Release|Any CPU
		{4904C023-E8DE-400A-92A4-15F7366E8DA7}.Debug_Linux|Any CPU.ActiveCfg = Debug|Any CPU
		{4904C023-E8DE-400A-92A4-15F7366E8DA7}.Debug_Linux|Any CPU.Build.0 = Debug|Any CPU
		{4904C023-E8DE-400A-92A4-15F7366E8DA7}.Debug_Linux|x86.ActiveCfg = Debug|Any CPU
		{4904C023-E8DE-400A-92A4-15F7366E8DA7}.Debug_NET2|Any CPU.ActiveCfg = Debug|Any CPU
		{4904C023-E8DE-400A-92A4-15F7366E8DA7}.Debug_NET2|Any CPU.Build.0 = Debug|Any CPU
		{4904C023-E8DE-400A-92A4-15F7366E8DA7}.Debug_NET2|x86.ActiveCfg = Debug|Any CPU
		{4904C023-E8DE-400A-92A4-15F7366E8DA7}.Debug|Any CPU.ActiveCfg = Debug|Any CPU
		{4904C023-E8DE-400A-92A4-15F7366E8DA7}.Debug|Any CPU.Build.0 = Debug|Any CPU
		{4904C023-E8DE-400A-92A4-15F7366E8DA7}.Debug|x86.ActiveCfg = Debug|Any CPU
		{4904C023-E8DE-400A-92A4-15F7366E8DA7}.Release_Linux|Any CPU.ActiveCfg = Release|Any CPU
		{4904C023-E8DE-400A-92A4-15F7366E8DA7}.Release_Linux|Any CPU.Build.0 = Release|Any CPU
		{4904C023-E8DE-400A-92A4-15F7366E8DA7}.Release_Linux|x86.ActiveCfg = Release|Any CPU
		{4904C023-E8DE-400A-92A4-15F7366E8DA7}.Release_NET2|Any CPU.ActiveCfg = Release|Any CPU
		{4904C023-E8DE-400A-92A4-15F7366E8DA7}.Release_NET2|Any CPU.Build.0 = Release|Any CPU
		{4904C023-E8DE-400A-92A4-15F7366E8DA7}.Release_NET2|x86.ActiveCfg = Release|Any CPU
		{4904C023-E8DE-400A-92A4-15F7366E8DA7}.Release|Any CPU.ActiveCfg = Release|Any CPU
		{4904C023-E8DE-400A-92A4-15F7366E8DA7}.Release|Any CPU.Build.0 = Release|Any CPU
		{4904C023-E8DE-400A-92A4-15F7366E8DA7}.Release|x86.ActiveCfg = Release|Any CPU
		{ECA2D8F0-DF33-4723-84CB-F4D8CD03A321}.Debug_Linux|Any CPU.ActiveCfg = Debug|Any CPU
		{ECA2D8F0-DF33-4723-84CB-F4D8CD03A321}.Debug_Linux|Any CPU.Build.0 = Debug|Any CPU
		{ECA2D8F0-DF33-4723-84CB-F4D8CD03A321}.Debug_Linux|x86.ActiveCfg = Debug|Any CPU
		{ECA2D8F0-DF33-4723-84CB-F4D8CD03A321}.Debug_NET2|Any CPU.ActiveCfg = Debug|Any CPU
		{ECA2D8F0-DF33-4723-84CB-F4D8CD03A321}.Debug_NET2|Any CPU.Build.0 = Debug|Any CPU
		{ECA2D8F0-DF33-4723-84CB-F4D8CD03A321}.Debug_NET2|x86.ActiveCfg = Debug|Any CPU
		{ECA2D8F0-DF33-4723-84CB-F4D8CD03A321}.Debug|Any CPU.ActiveCfg = Debug|Any CPU
		{ECA2D8F0-DF33-4723-84CB-F4D8CD03A321}.Debug|Any CPU.Build.0 = Debug|Any CPU
		{ECA2D8F0-DF33-4723-84CB-F4D8CD03A321}.Debug|x86.ActiveCfg = Debug|Any CPU
		{ECA2D8F0-DF33-4723-84CB-F4D8CD03A321}.Release_Linux|Any CPU.ActiveCfg = Release|Any CPU
		{ECA2D8F0-DF33-4723-84CB-F4D8CD03A321}.Release_Linux|Any CPU.Build.0 = Release|Any CPU
		{ECA2D8F0-DF33-4723-84CB-F4D8CD03A321}.Release_Linux|x86.ActiveCfg = Release|Any CPU
		{ECA2D8F0-DF33-4723-84CB-F4D8CD03A321}.Release_NET2|Any CPU.ActiveCfg = Release|Any CPU
		{ECA2D8F0-DF33-4723-84CB-F4D8CD03A321}.Release_NET2|Any CPU.Build.0 = Release|Any CPU
		{ECA2D8F0-DF33-4723-84CB-F4D8CD03A321}.Release_NET2|x86.ActiveCfg = Release|Any CPU
		{ECA2D8F0-DF33-4723-84CB-F4D8CD03A321}.Release|Any CPU.ActiveCfg = Release|Any CPU
		{ECA2D8F0-DF33-4723-84CB-F4D8CD03A321}.Release|Any CPU.Build.0 = Release|Any CPU
		{ECA2D8F0-DF33-4723-84CB-F4D8CD03A321}.Release|x86.ActiveCfg = Release|Any CPU
		{1F8C8BB9-0096-4071-B459-BC4CDBC896D2}.Debug_Linux|Any CPU.ActiveCfg = Debug|Any CPU
		{1F8C8BB9-0096-4071-B459-BC4CDBC896D2}.Debug_Linux|Any CPU.Build.0 = Debug|Any CPU
		{1F8C8BB9-0096-4071-B459-BC4CDBC896D2}.Debug_Linux|x86.ActiveCfg = Debug|Any CPU
		{1F8C8BB9-0096-4071-B459-BC4CDBC896D2}.Debug_NET2|Any CPU.ActiveCfg = Debug|Any CPU
		{1F8C8BB9-0096-4071-B459-BC4CDBC896D2}.Debug_NET2|Any CPU.Build.0 = Debug|Any CPU
		{1F8C8BB9-0096-4071-B459-BC4CDBC896D2}.Debug_NET2|x86.ActiveCfg = Debug|Any CPU
		{1F8C8BB9-0096-4071-B459-BC4CDBC896D2}.Debug|Any CPU.ActiveCfg = Debug|Any CPU
		{1F8C8BB9-0096-4071-B459-BC4CDBC896D2}.Debug|Any CPU.Build.0 = Debug|Any CPU
		{1F8C8BB9-0096-4071-B459-BC4CDBC896D2}.Debug|x86.ActiveCfg = Debug|Any CPU
		{1F8C8BB9-0096-4071-B459-BC4CDBC896D2}.Release_Linux|Any CPU.ActiveCfg = Release|Any CPU
		{1F8C8BB9-0096-4071-B459-BC4CDBC896D2}.Release_Linux|Any CPU.Build.0 = Release|Any CPU
		{1F8C8BB9-0096-4071-B459-BC4CDBC896D2}.Release_Linux|x86.ActiveCfg = Release|Any CPU
		{1F8C8BB9-0096-4071-B459-BC4CDBC896D2}.Release_NET2|Any CPU.ActiveCfg = Release|Any CPU
		{1F8C8BB9-0096-4071-B459-BC4CDBC896D2}.Release_NET2|Any CPU.Build.0 = Release|Any CPU
		{1F8C8BB9-0096-4071-B459-BC4CDBC896D2}.Release_NET2|x86.ActiveCfg = Release|Any CPU
		{1F8C8BB9-0096-4071-B459-BC4CDBC896D2}.Release|Any CPU.ActiveCfg = Release|Any CPU
		{1F8C8BB9-0096-4071-B459-BC4CDBC896D2}.Release|Any CPU.Build.0 = Release|Any CPU
		{1F8C8BB9-0096-4071-B459-BC4CDBC896D2}.Release|x86.ActiveCfg = Release|Any CPU
		{605553C1-E48E-42E7-B777-5A90247444AE}.Debug_Linux|Any CPU.ActiveCfg = Debug|Any CPU
		{605553C1-E48E-42E7-B777-5A90247444AE}.Debug_Linux|Any CPU.Build.0 = Debug|Any CPU
		{605553C1-E48E-42E7-B777-5A90247444AE}.Debug_Linux|x86.ActiveCfg = Debug|Any CPU
		{605553C1-E48E-42E7-B777-5A90247444AE}.Debug_NET2|Any CPU.ActiveCfg = Debug|Any CPU
		{605553C1-E48E-42E7-B777-5A90247444AE}.Debug_NET2|Any CPU.Build.0 = Debug|Any CPU
		{605553C1-E48E-42E7-B777-5A90247444AE}.Debug_NET2|x86.ActiveCfg = Debug|Any CPU
		{605553C1-E48E-42E7-B777-5A90247444AE}.Debug|Any CPU.ActiveCfg = Debug|Any CPU
		{605553C1-E48E-42E7-B777-5A90247444AE}.Debug|Any CPU.Build.0 = Debug|Any CPU
		{605553C1-E48E-42E7-B777-5A90247444AE}.Debug|x86.ActiveCfg = Debug|Any CPU
		{605553C1-E48E-42E7-B777-5A90247444AE}.Release_Linux|Any CPU.ActiveCfg = Release|Any CPU
		{605553C1-E48E-42E7-B777-5A90247444AE}.Release_Linux|Any CPU.Build.0 = Release|Any CPU
		{605553C1-E48E-42E7-B777-5A90247444AE}.Release_Linux|x86.ActiveCfg = Release|Any CPU
		{605553C1-E48E-42E7-B777-5A90247444AE}.Release_NET2|Any CPU.ActiveCfg = Release|Any CPU
		{605553C1-E48E-42E7-B777-5A90247444AE}.Release_NET2|Any CPU.Build.0 = Release|Any CPU
		{605553C1-E48E-42E7-B777-5A90247444AE}.Release_NET2|x86.ActiveCfg = Release|Any CPU
		{605553C1-E48E-42E7-B777-5A90247444AE}.Release|Any CPU.ActiveCfg = Release|Any CPU
		{605553C1-E48E-42E7-B777-5A90247444AE}.Release|Any CPU.Build.0 = Release|Any CPU
		{605553C1-E48E-42E7-B777-5A90247444AE}.Release|x86.ActiveCfg = Release|Any CPU
		{AF159491-58F6-4953-87F2-DFE6664C2563}.Debug_Linux|Any CPU.ActiveCfg = Debug|Any CPU
		{AF159491-58F6-4953-87F2-DFE6664C2563}.Debug_Linux|Any CPU.Build.0 = Debug|Any CPU
		{AF159491-58F6-4953-87F2-DFE6664C2563}.Debug_Linux|x86.ActiveCfg = Debug|Any CPU
		{AF159491-58F6-4953-87F2-DFE6664C2563}.Debug_NET2|Any CPU.ActiveCfg = Debug|Any CPU
		{AF159491-58F6-4953-87F2-DFE6664C2563}.Debug_NET2|Any CPU.Build.0 = Debug|Any CPU
		{AF159491-58F6-4953-87F2-DFE6664C2563}.Debug_NET2|x86.ActiveCfg = Debug|Any CPU
		{AF159491-58F6-4953-87F2-DFE6664C2563}.Debug|Any CPU.ActiveCfg = Debug|Any CPU
		{AF159491-58F6-4953-87F2-DFE6664C2563}.Debug|Any CPU.Build.0 = Debug|Any CPU
		{AF159491-58F6-4953-87F2-DFE6664C2563}.Debug|x86.ActiveCfg = Debug|Any CPU
		{AF159491-58F6-4953-87F2-DFE6664C2563}.Release_Linux|Any CPU.ActiveCfg = Release|Any CPU
		{AF159491-58F6-4953-87F2-DFE6664C2563}.Release_Linux|Any CPU.Build.0 = Release|Any CPU
		{AF159491-58F6-4953-87F2-DFE6664C2563}.Release_Linux|x86.ActiveCfg = Release|Any CPU
		{AF159491-58F6-4953-87F2-DFE6664C2563}.Release_NET2|Any CPU.ActiveCfg = Release|Any CPU
		{AF159491-58F6-4953-87F2-DFE6664C2563}.Release_NET2|Any CPU.Build.0 = Release|Any CPU
		{AF159491-58F6-4953-87F2-DFE6664C2563}.Release_NET2|x86.ActiveCfg = Release|Any CPU
		{AF159491-58F6-4953-87F2-DFE6664C2563}.Release|Any CPU.ActiveCfg = Release|Any CPU
		{AF159491-58F6-4953-87F2-DFE6664C2563}.Release|Any CPU.Build.0 = Release|Any CPU
		{AF159491-58F6-4953-87F2-DFE6664C2563}.Release|x86.ActiveCfg = Release|Any CPU
	EndGlobalSection
	GlobalSection(SolutionProperties) = preSolution
		HideSolutionNode = FALSE
	EndGlobalSection
EndGlobal
